
Microsoft Visual Studio Solution File, Format Version 12.00
# Visual Studio Version 16
VisualStudioVersion = 16.0.29728.190
MinimumVisualStudioVersion = 10.0.40219.1
Project("{9A19103F-16F7-4668-BE54-9A1E7A4F7556}") = "SAP1EMU.Lib", "SAP1EMU.Lib\SAP1EMU.Lib.csproj", "{7E6A1832-365E-40A0-9E7D-BA2584EF6D0E}"
EndProject
Project("{9A19103F-16F7-4668-BE54-9A1E7A4F7556}") = "SAP1EMU.Lib.Test", "SAP1EMU.Lib.Test\SAP1EMU.Lib.Test.csproj", "{754C8742-4D96-49B5-B79F-07A8D44E1255}"
EndProject
Project("{9A19103F-16F7-4668-BE54-9A1E7A4F7556}") = "SAP1EMU.Engine", "SAP1EMU.Engine\SAP1EMU.Engine.csproj", "{B1680C97-D8B2-480C-852D-FB82686D5CF5}"
EndProject
Project("{9A19103F-16F7-4668-BE54-9A1E7A4F7556}") = "SAP1EMU.Assembler", "SAP1EMU.Assembler\SAP1EMU.Assembler.csproj", "{46053099-4CB0-487B-8BF9-121FF7874329}"
EndProject
Project("{2150E333-8FDC-42A3-9474-1A3956D46DE8}") = "Solution Items", "Solution Items", "{F62A82B5-7BC1-430B-8E3B-A76E27724A49}"
EndProject
Project("{9A19103F-16F7-4668-BE54-9A1E7A4F7556}") = "SAP1EMU.GUI", "SAP1EMU.GUI\SAP1EMU.GUI.csproj", "{1BE7AD93-45FD-48F5-825D-7F0C2BE30CD8}"
EndProject
Project("{9A19103F-16F7-4668-BE54-9A1E7A4F7556}") = "SAP1EMU.CLI", "SAP1EMU.CLI\SAP1EMU.CLI.csproj", "{8E9D5708-9E82-42B7-9897-A2A8051CB884}"
EndProject
Project("{9A19103F-16F7-4668-BE54-9A1E7A4F7556}") = "SAP1EMU.Engine.Test", "SAP1EMU.Engine.Test\SAP1EMU.Engine.Test.csproj", "{03C6CA2F-E613-4A98-B0D8-99228E9E6782}"
EndProject
Project("{9A19103F-16F7-4668-BE54-9A1E7A4F7556}") = "SAP1EMU.Assembler.Test", "SAP1EMU.Assembler.Test\SAP1EMU.Assembler.Test.csproj", "{F441C02C-415D-4B3A-B10E-06BF9C4994A1}"
EndProject
Project("{9A19103F-16F7-4668-BE54-9A1E7A4F7556}") = "SAP1EMU.CLI.Test", "SAP1EMU.CLI.Test\SAP1EMU.CLI.Test.csproj", "{26CDD026-0BF5-4DD0-B1B2-6D45C2DD06FB}"
EndProject
Project("{FAE04EC0-301F-11D3-BF4B-00C04F79EFBC}") = "SAP1EMU.Benchmarks", "SAP1EMU.Benchmarks\SAP1EMU.Benchmarks.csproj", "{3924116E-911F-44ED-982B-6E767CDFBFC6}"
EndProject
Global
	GlobalSection(SolutionConfigurationPlatforms) = preSolution
		Debug|Any CPU = Debug|Any CPU
		Release|Any CPU = Release|Any CPU
	EndGlobalSection
	GlobalSection(ProjectConfigurationPlatforms) = postSolution
		{7E6A1832-365E-40A0-9E7D-BA2584EF6D0E}.Debug|Any CPU.ActiveCfg = Debug|Any CPU
		{7E6A1832-365E-40A0-9E7D-BA2584EF6D0E}.Debug|Any CPU.Build.0 = Debug|Any CPU
		{7E6A1832-365E-40A0-9E7D-BA2584EF6D0E}.Release|Any CPU.ActiveCfg = Release|Any CPU
		{7E6A1832-365E-40A0-9E7D-BA2584EF6D0E}.Release|Any CPU.Build.0 = Release|Any CPU
		{754C8742-4D96-49B5-B79F-07A8D44E1255}.Debug|Any CPU.ActiveCfg = Debug|Any CPU
		{754C8742-4D96-49B5-B79F-07A8D44E1255}.Debug|Any CPU.Build.0 = Debug|Any CPU
		{754C8742-4D96-49B5-B79F-07A8D44E1255}.Release|Any CPU.ActiveCfg = Release|Any CPU
		{754C8742-4D96-49B5-B79F-07A8D44E1255}.Release|Any CPU.Build.0 = Release|Any CPU
		{B1680C97-D8B2-480C-852D-FB82686D5CF5}.Debug|Any CPU.ActiveCfg = Debug|Any CPU
		{B1680C97-D8B2-480C-852D-FB82686D5CF5}.Debug|Any CPU.Build.0 = Debug|Any CPU
		{B1680C97-D8B2-480C-852D-FB82686D5CF5}.Release|Any CPU.ActiveCfg = Release|Any CPU
		{B1680C97-D8B2-480C-852D-FB82686D5CF5}.Release|Any CPU.Build.0 = Release|Any CPU
		{46053099-4CB0-487B-8BF9-121FF7874329}.Debug|Any CPU.ActiveCfg = Debug|Any CPU
		{46053099-4CB0-487B-8BF9-121FF7874329}.Debug|Any CPU.Build.0 = Debug|Any CPU
		{46053099-4CB0-487B-8BF9-121FF7874329}.Release|Any CPU.ActiveCfg = Release|Any CPU
		{46053099-4CB0-487B-8BF9-121FF7874329}.Release|Any CPU.Build.0 = Release|Any CPU
		{1BE7AD93-45FD-48F5-825D-7F0C2BE30CD8}.Debug|Any CPU.ActiveCfg = Debug|Any CPU
		{1BE7AD93-45FD-48F5-825D-7F0C2BE30CD8}.Debug|Any CPU.Build.0 = Debug|Any CPU
		{1BE7AD93-45FD-48F5-825D-7F0C2BE30CD8}.Release|Any CPU.ActiveCfg = Release|Any CPU
		{1BE7AD93-45FD-48F5-825D-7F0C2BE30CD8}.Release|Any CPU.Build.0 = Release|Any CPU
		{8E9D5708-9E82-42B7-9897-A2A8051CB884}.Debug|Any CPU.ActiveCfg = Debug|Any CPU
		{8E9D5708-9E82-42B7-9897-A2A8051CB884}.Debug|Any CPU.Build.0 = Debug|Any CPU
		{8E9D5708-9E82-42B7-9897-A2A8051CB884}.Release|Any CPU.ActiveCfg = Release|Any CPU
		{8E9D5708-9E82-42B7-9897-A2A8051CB884}.Release|Any CPU.Build.0 = Release|Any CPU
		{03C6CA2F-E613-4A98-B0D8-99228E9E6782}.Debug|Any CPU.ActiveCfg = Debug|Any CPU
		{03C6CA2F-E613-4A98-B0D8-99228E9E6782}.Debug|Any CPU.Build.0 = Debug|Any CPU
		{03C6CA2F-E613-4A98-B0D8-99228E9E6782}.Release|Any CPU.ActiveCfg = Release|Any CPU
		{03C6CA2F-E613-4A98-B0D8-99228E9E6782}.Release|Any CPU.Build.0 = Release|Any CPU
		{F441C02C-415D-4B3A-B10E-06BF9C4994A1}.Debug|Any CPU.ActiveCfg = Debug|Any CPU
		{F441C02C-415D-4B3A-B10E-06BF9C4994A1}.Debug|Any CPU.Build.0 = Debug|Any CPU
		{F441C02C-415D-4B3A-B10E-06BF9C4994A1}.Release|Any CPU.ActiveCfg = Release|Any CPU
		{F441C02C-415D-4B3A-B10E-06BF9C4994A1}.Release|Any CPU.Build.0 = Release|Any CPU
		{26CDD026-0BF5-4DD0-B1B2-6D45C2DD06FB}.Debug|Any CPU.ActiveCfg = Debug|Any CPU
		{26CDD026-0BF5-4DD0-B1B2-6D45C2DD06FB}.Debug|Any CPU.Build.0 = Debug|Any CPU
		{26CDD026-0BF5-4DD0-B1B2-6D45C2DD06FB}.Release|Any CPU.ActiveCfg = Release|Any CPU
		{26CDD026-0BF5-4DD0-B1B2-6D45C2DD06FB}.Release|Any CPU.Build.0 = Release|Any CPU
		{3924116E-911F-44ED-982B-6E767CDFBFC6}.Debug|Any CPU.ActiveCfg = Debug|Any CPU
		{3924116E-911F-44ED-982B-6E767CDFBFC6}.Debug|Any CPU.Build.0 = Debug|Any CPU
		{3924116E-911F-44ED-982B-6E767CDFBFC6}.Release|Any CPU.ActiveCfg = Release|Any CPU
		{3924116E-911F-44ED-982B-6E767CDFBFC6}.Release|Any CPU.Build.0 = Release|Any CPU
	EndGlobalSection
	GlobalSection(SolutionProperties) = preSolution
		HideSolutionNode = FALSE
	EndGlobalSection
	GlobalSection(ExtensibilityGlobals) = postSolution
		SolutionGuid = {0E53BC19-FAC5-4B3C-B49B-B4BBA80CBA85}
	EndGlobalSection
EndGlobal
