
Microsoft Visual Studio Solution File, Format Version 12.00
# Visual Studio Version 16
VisualStudioVersion = 16.0.29728.190
MinimumVisualStudioVersion = 10.0.40219.1
Project("{9A19103F-16F7-4668-BE54-9A1E7A4F7556}") = "SAP1EMU.Lib", "SAP1EMU.Lib\SAP1EMU.Lib.csproj", "{7E6A1832-365E-40A0-9E7D-BA2584EF6D0E}"
EndProject
Project("{9A19103F-16F7-4668-BE54-9A1E7A4F7556}") = "SAP1EMU.Lib.Test", "SAP1EMU.Lib.Test\SAP1EMU.Lib.Test.csproj", "{754C8742-4D96-49B5-B79F-07A8D44E1255}"
EndProject
Project("{9A19103F-16F7-4668-BE54-9A1E7A4F7556}") = "SAP1EMU.Engine", "SAP1EMU.Engine\SAP1EMU.Engine.csproj", "{B1680C97-D8B2-480C-852D-FB82686D5CF5}"
EndProject
Project("{FAE04EC0-301F-11D3-BF4B-00C04F79EFBC}") = "SAP1EMU.GUI-Windows", "SAP1EMU.GUI-Windows\SAP1EMU.GUI-Windows.csproj", "{0C6629AF-D88C-41A7-BEE2-7B091B18CA77}"
EndProject
Project("{FAE04EC0-301F-11D3-BF4B-00C04F79EFBC}") = "SAP1EMU.Assembler-CLI", "SAP1EMU.Assembler-CLI\SAP1EMU.Assembler-CLI.csproj", "{99A4A7B4-B3B7-47D7-AF77-7DEACFEBDA5D}"
EndProject
Project("{FAE04EC0-301F-11D3-BF4B-00C04F79EFBC}") = "SAP1EMU.Engine-CLI", "SAP1EMU.Engine-CLI\SAP1EMU.Engine-CLI.csproj", "{3DB615A3-ADC4-4EF8-96D2-BF64668C2BB9}"
EndProject
Project("{9A19103F-16F7-4668-BE54-9A1E7A4F7556}") = "SAP1EMU.Sandbox", "SAP1EMU.Sandbox\SAP1EMU.Sandbox.csproj", "{7EFCC568-5814-4C2A-AC93-972E5835729D}"
EndProject
Global
	GlobalSection(SolutionConfigurationPlatforms) = preSolution
		Debug|Any CPU = Debug|Any CPU
		Release|Any CPU = Release|Any CPU
	EndGlobalSection
	GlobalSection(ProjectConfigurationPlatforms) = postSolution
		{7E6A1832-365E-40A0-9E7D-BA2584EF6D0E}.Debug|Any CPU.ActiveCfg = Debug|Any CPU
		{7E6A1832-365E-40A0-9E7D-BA2584EF6D0E}.Debug|Any CPU.Build.0 = Debug|Any CPU
		{7E6A1832-365E-40A0-9E7D-BA2584EF6D0E}.Release|Any CPU.ActiveCfg = Release|Any CPU
		{7E6A1832-365E-40A0-9E7D-BA2584EF6D0E}.Release|Any CPU.Build.0 = Release|Any CPU
		{754C8742-4D96-49B5-B79F-07A8D44E1255}.Debug|Any CPU.ActiveCfg = Debug|Any CPU
		{754C8742-4D96-49B5-B79F-07A8D44E1255}.Debug|Any CPU.Build.0 = Debug|Any CPU
		{754C8742-4D96-49B5-B79F-07A8D44E1255}.Release|Any CPU.ActiveCfg = Release|Any CPU
		{754C8742-4D96-49B5-B79F-07A8D44E1255}.Release|Any CPU.Build.0 = Release|Any CPU
		{B1680C97-D8B2-480C-852D-FB82686D5CF5}.Debug|Any CPU.ActiveCfg = Debug|Any CPU
		{B1680C97-D8B2-480C-852D-FB82686D5CF5}.Debug|Any CPU.Build.0 = Debug|Any CPU
		{B1680C97-D8B2-480C-852D-FB82686D5CF5}.Release|Any CPU.ActiveCfg = Release|Any CPU
		{B1680C97-D8B2-480C-852D-FB82686D5CF5}.Release|Any CPU.Build.0 = Release|Any CPU
		{0C6629AF-D88C-41A7-BEE2-7B091B18CA77}.Debug|Any CPU.ActiveCfg = Debug|Any CPU
		{0C6629AF-D88C-41A7-BEE2-7B091B18CA77}.Debug|Any CPU.Build.0 = Debug|Any CPU
		{0C6629AF-D88C-41A7-BEE2-7B091B18CA77}.Release|Any CPU.ActiveCfg = Release|Any CPU
		{0C6629AF-D88C-41A7-BEE2-7B091B18CA77}.Release|Any CPU.Build.0 = Release|Any CPU
		{99A4A7B4-B3B7-47D7-AF77-7DEACFEBDA5D}.Debug|Any CPU.ActiveCfg = Debug|Any CPU
		{99A4A7B4-B3B7-47D7-AF77-7DEACFEBDA5D}.Debug|Any CPU.Build.0 = Debug|Any CPU
		{99A4A7B4-B3B7-47D7-AF77-7DEACFEBDA5D}.Release|Any CPU.ActiveCfg = Release|Any CPU
		{99A4A7B4-B3B7-47D7-AF77-7DEACFEBDA5D}.Release|Any CPU.Build.0 = Release|Any CPU
		{3DB615A3-ADC4-4EF8-96D2-BF64668C2BB9}.Debug|Any CPU.ActiveCfg = Debug|Any CPU
		{3DB615A3-ADC4-4EF8-96D2-BF64668C2BB9}.Debug|Any CPU.Build.0 = Debug|Any CPU
		{3DB615A3-ADC4-4EF8-96D2-BF64668C2BB9}.Release|Any CPU.ActiveCfg = Release|Any CPU
		{3DB615A3-ADC4-4EF8-96D2-BF64668C2BB9}.Release|Any CPU.Build.0 = Release|Any CPU
		{7EFCC568-5814-4C2A-AC93-972E5835729D}.Debug|Any CPU.ActiveCfg = Debug|Any CPU
		{7EFCC568-5814-4C2A-AC93-972E5835729D}.Debug|Any CPU.Build.0 = Debug|Any CPU
		{7EFCC568-5814-4C2A-AC93-972E5835729D}.Release|Any CPU.ActiveCfg = Release|Any CPU
		{7EFCC568-5814-4C2A-AC93-972E5835729D}.Release|Any CPU.Build.0 = Release|Any CPU
	EndGlobalSection
	GlobalSection(SolutionProperties) = preSolution
		HideSolutionNode = FALSE
	EndGlobalSection
	GlobalSection(ExtensibilityGlobals) = postSolution
		SolutionGuid = {0E53BC19-FAC5-4B3C-B49B-B4BBA80CBA85}
	EndGlobalSection
EndGlobal
