
Microsoft Visual Studio Solution File, Format Version 12.00
# Visual Studio Version 16
VisualStudioVersion = 16.0.29728.190
MinimumVisualStudioVersion = 10.0.40219.1
Project("{FAE04EC0-301F-11D3-BF4B-00C04F79EFBC}") = "SAP1EMU.CLI", "SAP1EMU.CLI\SAP1EMU.CLI.csproj", "{23ABA48A-996F-4CF7-81BD-184797AE1C2A}"
EndProject
Project("{FAE04EC0-301F-11D3-BF4B-00C04F79EFBC}") = "SAP1EMU.Lib", "SAP1EMU.Lib\SAP1EMU.Lib.csproj", "{7E6A1832-365E-40A0-9E7D-BA2584EF6D0E}"
EndProject
Project("{FAE04EC0-301F-11D3-BF4B-00C04F79EFBC}") = "SAP1EMU.Lib.Test", "SAP1EMU.Lib.Test\SAP1EMU.Lib.Test.csproj", "{754C8742-4D96-49B5-B79F-07A8D44E1255}"
EndProject
Project("{FAE04EC0-301F-11D3-BF4B-00C04F79EFBC}") = "SAP1EMU.Engine", "SAP1EMU.Engine\SAP1EMU.Engine.csproj", "{B1680C97-D8B2-480C-852D-FB82686D5CF5}"
EndProject
Global
	GlobalSection(SolutionConfigurationPlatforms) = preSolution
		Debug|Any CPU = Debug|Any CPU
		Release|Any CPU = Release|Any CPU
	EndGlobalSection
	GlobalSection(ProjectConfigurationPlatforms) = postSolution
		{23ABA48A-996F-4CF7-81BD-184797AE1C2A}.Debug|Any CPU.ActiveCfg = Debug|Any CPU
		{23ABA48A-996F-4CF7-81BD-184797AE1C2A}.Debug|Any CPU.Build.0 = Debug|Any CPU
		{23ABA48A-996F-4CF7-81BD-184797AE1C2A}.Release|Any CPU.ActiveCfg = Release|Any CPU
		{23ABA48A-996F-4CF7-81BD-184797AE1C2A}.Release|Any CPU.Build.0 = Release|Any CPU
		{7E6A1832-365E-40A0-9E7D-BA2584EF6D0E}.Debug|Any CPU.ActiveCfg = Debug|Any CPU
		{7E6A1832-365E-40A0-9E7D-BA2584EF6D0E}.Debug|Any CPU.Build.0 = Debug|Any CPU
		{7E6A1832-365E-40A0-9E7D-BA2584EF6D0E}.Release|Any CPU.ActiveCfg = Release|Any CPU
		{7E6A1832-365E-40A0-9E7D-BA2584EF6D0E}.Release|Any CPU.Build.0 = Release|Any CPU
		{754C8742-4D96-49B5-B79F-07A8D44E1255}.Debug|Any CPU.ActiveCfg = Debug|Any CPU
		{754C8742-4D96-49B5-B79F-07A8D44E1255}.Debug|Any CPU.Build.0 = Debug|Any CPU
		{754C8742-4D96-49B5-B79F-07A8D44E1255}.Release|Any CPU.ActiveCfg = Release|Any CPU
		{754C8742-4D96-49B5-B79F-07A8D44E1255}.Release|Any CPU.Build.0 = Release|Any CPU
		{B1680C97-D8B2-480C-852D-FB82686D5CF5}.Debug|Any CPU.ActiveCfg = Debug|Any CPU
		{B1680C97-D8B2-480C-852D-FB82686D5CF5}.Debug|Any CPU.Build.0 = Debug|Any CPU
		{B1680C97-D8B2-480C-852D-FB82686D5CF5}.Release|Any CPU.ActiveCfg = Release|Any CPU
		{B1680C97-D8B2-480C-852D-FB82686D5CF5}.Release|Any CPU.Build.0 = Release|Any CPU
	EndGlobalSection
	GlobalSection(SolutionProperties) = preSolution
		HideSolutionNode = FALSE
	EndGlobalSection
	GlobalSection(ExtensibilityGlobals) = postSolution
		SolutionGuid = {0E53BC19-FAC5-4B3C-B49B-B4BBA80CBA85}
	EndGlobalSection
EndGlobal
